#MicroXplorer Configuration settings - do not modify
Mcu.Family=STM32F1
ProjectManager.MainLocation=Core/Src
PA6.Mode=Full_Duplex_Master
ProjectManager.ProjectFileName=Control_PID_STM32F103.ioc
PA7.Mode=Full_Duplex_Master
PD1-OSC_OUT.Mode=HSE-External-Oscillator
PB9.GPIO_Label=Boton
ProjectManager.KeepUserCode=true
Mcu.UserName=STM32F103C8Tx
Mcu.PinsNb=14
SPI1.VirtualType=VM_MASTER
ProjectManager.NoMain=false
SPI1.IPParameters=VirtualType,Mode,Direction,CalculateBaudRate
TIM1.IPParameters=Prescaler,Period,AutoReloadPreload
TIM2.IC1Filter=4
RCC.PLLCLKFreq_Value=8000000
PC13-TAMPER-RTC.GPIOParameters=GPIO_Speed,PinState,GPIO_Label
ProjectManager.functionlistsort=1-MX_GPIO_Init-GPIO-false-HAL-true,2-SystemClock_Config-RCC-false-HAL-false,3-MX_TIM1_Init-TIM1-false-HAL-true,4-MX_SPI1_Init-SPI1-false-HAL-true
PC13-TAMPER-RTC.Signal=GPIO_Output
ProjectManager.DefaultFWLocation=true
TIM2.EncoderMode=TIM_ENCODERMODE_TI12
PD0-OSC_IN.Signal=RCC_OSC_IN
ProjectManager.DeletePrevious=true
SH.S_TIM2_CH1_ETR.ConfNb=1
PinOutPanel.RotationAngle=0
RCC.FamilyName=M
ProjectManager.StackSize=0x400
PA0-WKUP.Signal=S_TIM2_CH1_ETR
PD1-OSC_OUT.Signal=RCC_OSC_OUT
PB9.GPIOParameters=GPIO_Label
PA13.Signal=SYS_JTMS-SWDIO
Mcu.IP4=TIM1
TIM1.AutoReloadPreload=TIM_AUTORELOAD_PRELOAD_ENABLE
Mcu.IP5=TIM2
NVIC.SVCall_IRQn=true\:0\:0\:false\:false\:true\:false\:false
Mcu.IP2=SPI1
Mcu.IP3=SYS
SH.S_TIM2_CH2.0=TIM2_CH2,Encoder_Interface
Mcu.IP0=NVIC
Mcu.IP1=RCC
TIM1.Prescaler=80-1
Mcu.UserConstants=
ProjectManager.TargetToolchain=STM32CubeIDE
Mcu.ThirdPartyNb=0
SPI1.Direction=SPI_DIRECTION_2LINES
Mcu.IPNb=6
TIM2.IPParameters=AutoReloadPreload,Period,EncoderMode,IC1Polarity,IC2Polarity,IC1Filter
ProjectManager.PreviousToolchain=
VP_TIM1_VS_ClockSourceINT.Signal=TIM1_VS_ClockSourceINT
SH.S_TIM2_CH2.ConfNb=1
PB9.Locked=true
SPI1.CalculateBaudRate=4.0 MBits/s
Mcu.Pin6=PA5
Mcu.Pin7=PA6
Mcu.Pin8=PA7
PC13-TAMPER-RTC.Locked=true
Mcu.Pin9=PA13
PA1.Signal=S_TIM2_CH2
Mcu.Pin0=PC13-TAMPER-RTC
Mcu.Pin1=PD0-OSC_IN
GPIO.groupedBy=Group By Peripherals
PD0-OSC_IN.Mode=HSE-External-Oscillator
Mcu.Pin2=PD1-OSC_OUT
Mcu.Pin3=PA0-WKUP
Mcu.Pin4=PA1
Mcu.Pin5=PA4
PA5.Signal=SPI1_SCK
ProjectManager.ProjectBuild=false
NVIC.UsageFault_IRQn=true\:0\:0\:false\:false\:true\:false\:false
NVIC.DebugMonitor_IRQn=true\:0\:0\:false\:false\:true\:false\:false
board=custom
PA4.Locked=true
NVIC.SysTick_IRQn=true\:0\:0\:false\:false\:true\:false\:true
ProjectManager.LastFirmware=true
PC13-TAMPER-RTC.GPIO_Label=LED
ProjectManager.FirmwarePackage=STM32Cube FW_F1 V1.8.0
TIM2.IC2Polarity=TIM_ICPOLARITY_FALLING
MxDb.Version=DB.5.0.60
RCC.APB2Freq_Value=8000000
ProjectManager.BackupPrevious=false
MxCube.Version=5.6.1
PC13-TAMPER-RTC.PinState=GPIO_PIN_SET
SPI1.Mode=SPI_MODE_MASTER
PA14.Mode=Serial_Wire
File.Version=6
VP_SYS_VS_Systick.Mode=SysTick
NVIC.NonMaskableInt_IRQn=true\:0\:0\:false\:false\:true\:false\:false
PA4.GPIOParameters=GPIO_Label
NVIC.PendSV_IRQn=true\:0\:0\:false\:false\:true\:false\:false
TIM2.Period=200
PC13-TAMPER-RTC.GPIO_Speed=GPIO_SPEED_FREQ_LOW
PA13.Mode=Serial_Wire
ProjectManager.FreePins=false
RCC.IPParameters=APB1Freq_Value,APB2Freq_Value,FamilyName,PLLCLKFreq_Value,PLLMCOFreq_Value,TimSysFreq_Value
ProjectManager.AskForMigrate=true
Mcu.Name=STM32F103C(8-B)Tx
ProjectManager.HalAssertFull=false
VP_TIM1_VS_ClockSourceINT.Mode=Internal
ProjectManager.ProjectName=Control_PID_STM32F103
ProjectManager.UnderRoot=true
RCC.PLLMCOFreq_Value=4000000
ProjectManager.CoupleFile=false
PA4.Signal=GPIO_Output
Mcu.Package=LQFP48
PB9.Signal=GPIO_Input
PA6.Signal=SPI1_MISO
RCC.TimSysFreq_Value=8000000
NVIC.ForceEnableDMAVector=true
KeepUserPlacement=false
NVIC.MemoryManagement_IRQn=true\:0\:0\:false\:false\:true\:false\:false
ProjectManager.CompilerOptimize=6
ProjectManager.ToolChainLocation=
TIM2.IC1Polarity=TIM_ICPOLARITY_FALLING
VP_SYS_VS_Systick.Signal=SYS_VS_Systick
SH.S_TIM2_CH1_ETR.0=TIM2_CH1,Encoder_Interface
PA14.Signal=SYS_JTCK-SWCLK
ProjectManager.HeapSize=0x200
NVIC.HardFault_IRQn=true\:0\:0\:false\:false\:true\:false\:false
Mcu.Pin13=VP_TIM1_VS_ClockSourceINT
ProjectManager.ComputerToolchain=false
NVIC.PriorityGroup=NVIC_PRIORITYGROUP_4
Mcu.Pin11=PB9
Mcu.Pin12=VP_SYS_VS_Systick
Mcu.Pin10=PA14
TIM2.AutoReloadPreload=TIM_AUTORELOAD_PRELOAD_ENABLE
NVIC.BusFault_IRQn=true\:0\:0\:false\:false\:true\:false\:false
TIM1.Period=0xffff
RCC.APB1Freq_Value=8000000
PA4.GPIO_Label=CSS
ProjectManager.CustomerFirmwarePackage=
ProjectManager.DeviceId=STM32F103C8Tx
ProjectManager.LibraryCopy=1
PA5.Mode=Full_Duplex_Master
PA7.Signal=SPI1_MOSI
isbadioc=false
